
Microsoft Visual Studio Solution File, Format Version 12.00
# Visual Studio 14
VisualStudioVersion = 14.0.23107.0
MinimumVisualStudioVersion = 10.0.40219.1
Project("{FAE04EC0-301F-11D3-BF4B-00C04F79EFBC}") = "GrabilityFrontendTest", "GrabilityFrontendTest\GrabilityFrontendTest.csproj", "{51909BAC-A4F0-45AB-B774-9EC71B3EE125}"
EndProject
Project("{2150E333-8FDC-42A3-9474-1A3956D46DE8}") = "Requirements", "Requirements", "{3FE50D05-F7BD-4199-9DBD-56160C2A78BF}"
	ProjectSection(SolutionItems) = preProject
		C:\Users\jonat\Desktop\Prueba desarrollador UI Web.pdf = C:\Users\jonat\Desktop\Prueba desarrollador UI Web.pdf
		C:\Users\jonat\Desktop\test_ui.gif = C:\Users\jonat\Desktop\test_ui.gif
	EndProjectSection
EndProject
Global
	GlobalSection(SolutionConfigurationPlatforms) = preSolution
		Debug|Any CPU = Debug|Any CPU
		Release|Any CPU = Release|Any CPU
	EndGlobalSection
	GlobalSection(ProjectConfigurationPlatforms) = postSolution
		{51909BAC-A4F0-45AB-B774-9EC71B3EE125}.Debug|Any CPU.ActiveCfg = Debug|Any CPU
		{51909BAC-A4F0-45AB-B774-9EC71B3EE125}.Debug|Any CPU.Build.0 = Debug|Any CPU
		{51909BAC-A4F0-45AB-B774-9EC71B3EE125}.Release|Any CPU.ActiveCfg = Release|Any CPU
		{51909BAC-A4F0-45AB-B774-9EC71B3EE125}.Release|Any CPU.Build.0 = Release|Any CPU
	EndGlobalSection
	GlobalSection(SolutionProperties) = preSolution
		HideSolutionNode = FALSE
	EndGlobalSection
EndGlobal
